
Microsoft Visual Studio Solution File, Format Version 12.00
# Visual Studio 14
VisualStudioVersion = 14.0.25420.1
MinimumVisualStudioVersion = 10.0.40219.1
Project("{FAE04EC0-301F-11D3-BF4B-00C04F79EFBC}") = "Task8", "Project\Task8.csproj", "{BBDC69CF-12B5-4C70-92FA-B8399FEDC661}"
EndProject
Project("{FAE04EC0-301F-11D3-BF4B-00C04F79EFBC}") = "Task7", "Task7\Task7.csproj", "{71253B9D-54F3-466F-B19F-24CCB81FC285}"
EndProject
Project("{FAE04EC0-301F-11D3-BF4B-00C04F79EFBC}") = "Task6", "Task6\Task6.csproj", "{0D42C85E-1E7D-404B-92BA-F71B46444D90}"
EndProject
Project("{FAE04EC0-301F-11D3-BF4B-00C04F79EFBC}") = "Task5", "Task5\Task5.csproj", "{99D51592-0737-4476-AF5D-871C1BD93CE2}"
EndProject
Project("{FAE04EC0-301F-11D3-BF4B-00C04F79EFBC}") = "Task4", "Task4\Task4.csproj", "{4578BEE4-2309-4950-8E08-343676BED86D}"
EndProject
Project("{FAE04EC0-301F-11D3-BF4B-00C04F79EFBC}") = "Task3", "Task3\Task3.csproj", "{BE67E9F5-FD03-432D-B5D4-73D426E8E36F}"
EndProject
Project("{FAE04EC0-301F-11D3-BF4B-00C04F79EFBC}") = "Task2", "Task2\Task2.csproj", "{120EA6ED-0B42-4ECC-9622-2EA72FCCCDF8}"
EndProject
Project("{FAE04EC0-301F-11D3-BF4B-00C04F79EFBC}") = "Task1", "Task1\Task1.csproj", "{37D11B4D-CCBF-4FBA-B98D-026D30F69B73}"
EndProject
Global
	GlobalSection(SolutionConfigurationPlatforms) = preSolution
		Debug|Any CPU = Debug|Any CPU
		Release|Any CPU = Release|Any CPU
	EndGlobalSection
	GlobalSection(ProjectConfigurationPlatforms) = postSolution
		{BBDC69CF-12B5-4C70-92FA-B8399FEDC661}.Debug|Any CPU.ActiveCfg = Debug|Any CPU
		{BBDC69CF-12B5-4C70-92FA-B8399FEDC661}.Debug|Any CPU.Build.0 = Debug|Any CPU
		{BBDC69CF-12B5-4C70-92FA-B8399FEDC661}.Release|Any CPU.ActiveCfg = Release|Any CPU
		{BBDC69CF-12B5-4C70-92FA-B8399FEDC661}.Release|Any CPU.Build.0 = Release|Any CPU
		{71253B9D-54F3-466F-B19F-24CCB81FC285}.Debug|Any CPU.ActiveCfg = Debug|Any CPU
		{71253B9D-54F3-466F-B19F-24CCB81FC285}.Debug|Any CPU.Build.0 = Debug|Any CPU
		{71253B9D-54F3-466F-B19F-24CCB81FC285}.Release|Any CPU.ActiveCfg = Release|Any CPU
		{71253B9D-54F3-466F-B19F-24CCB81FC285}.Release|Any CPU.Build.0 = Release|Any CPU
		{0D42C85E-1E7D-404B-92BA-F71B46444D90}.Debug|Any CPU.ActiveCfg = Debug|Any CPU
		{0D42C85E-1E7D-404B-92BA-F71B46444D90}.Debug|Any CPU.Build.0 = Debug|Any CPU
		{0D42C85E-1E7D-404B-92BA-F71B46444D90}.Release|Any CPU.ActiveCfg = Release|Any CPU
		{0D42C85E-1E7D-404B-92BA-F71B46444D90}.Release|Any CPU.Build.0 = Release|Any CPU
		{99D51592-0737-4476-AF5D-871C1BD93CE2}.Debug|Any CPU.ActiveCfg = Debug|Any CPU
		{99D51592-0737-4476-AF5D-871C1BD93CE2}.Debug|Any CPU.Build.0 = Debug|Any CPU
		{99D51592-0737-4476-AF5D-871C1BD93CE2}.Release|Any CPU.ActiveCfg = Release|Any CPU
		{99D51592-0737-4476-AF5D-871C1BD93CE2}.Release|Any CPU.Build.0 = Release|Any CPU
		{4578BEE4-2309-4950-8E08-343676BED86D}.Debug|Any CPU.ActiveCfg = Debug|Any CPU
		{4578BEE4-2309-4950-8E08-343676BED86D}.Debug|Any CPU.Build.0 = Debug|Any CPU
		{4578BEE4-2309-4950-8E08-343676BED86D}.Release|Any CPU.ActiveCfg = Release|Any CPU
		{4578BEE4-2309-4950-8E08-343676BED86D}.Release|Any CPU.Build.0 = Release|Any CPU
		{BE67E9F5-FD03-432D-B5D4-73D426E8E36F}.Debug|Any CPU.ActiveCfg = Debug|Any CPU
		{BE67E9F5-FD03-432D-B5D4-73D426E8E36F}.Debug|Any CPU.Build.0 = Debug|Any CPU
		{BE67E9F5-FD03-432D-B5D4-73D426E8E36F}.Release|Any CPU.ActiveCfg = Release|Any CPU
		{BE67E9F5-FD03-432D-B5D4-73D426E8E36F}.Release|Any CPU.Build.0 = Release|Any CPU
		{120EA6ED-0B42-4ECC-9622-2EA72FCCCDF8}.Debug|Any CPU.ActiveCfg = Debug|Any CPU
		{120EA6ED-0B42-4ECC-9622-2EA72FCCCDF8}.Debug|Any CPU.Build.0 = Debug|Any CPU
		{120EA6ED-0B42-4ECC-9622-2EA72FCCCDF8}.Release|Any CPU.ActiveCfg = Release|Any CPU
		{120EA6ED-0B42-4ECC-9622-2EA72FCCCDF8}.Release|Any CPU.Build.0 = Release|Any CPU
		{37D11B4D-CCBF-4FBA-B98D-026D30F69B73}.Debug|Any CPU.ActiveCfg = Debug|Any CPU
		{37D11B4D-CCBF-4FBA-B98D-026D30F69B73}.Debug|Any CPU.Build.0 = Debug|Any CPU
		{37D11B4D-CCBF-4FBA-B98D-026D30F69B73}.Release|Any CPU.ActiveCfg = Release|Any CPU
		{37D11B4D-CCBF-4FBA-B98D-026D30F69B73}.Release|Any CPU.Build.0 = Release|Any CPU
	EndGlobalSection
	GlobalSection(SolutionProperties) = preSolution
		HideSolutionNode = FALSE
	EndGlobalSection
EndGlobal
