
Microsoft Visual Studio Solution File, Format Version 12.00
# Visual Studio 14
VisualStudioVersion = 14.0.25420.1
MinimumVisualStudioVersion = 10.0.40219.1
Project("{FAE04EC0-301F-11D3-BF4B-00C04F79EFBC}") = "Task8", "Project\Task8.csproj", "{BBDC69CF-12B5-4C70-92FA-B8399FEDC661}"
EndProject
Project("{FAE04EC0-301F-11D3-BF4B-00C04F79EFBC}") = "Task7", "Task7\Task7.csproj", "{71253B9D-54F3-466F-B19F-24CCB81FC285}"
EndProject
Project("{FAE04EC0-301F-11D3-BF4B-00C04F79EFBC}") = "Task6", "Task6\Task6.csproj", "{0D42C85E-1E7D-404B-92BA-F71B46444D90}"
EndProject
Project("{FAE04EC0-301F-11D3-BF4B-00C04F79EFBC}") = "Task5", "Task5\Task5.csproj", "{99D51592-0737-4476-AF5D-871C1BD93CE2}"
EndProject
Project("{FAE04EC0-301F-11D3-BF4B-00C04F79EFBC}") = "Task4", "Task4\Task4.csproj", "{4578BEE4-2309-4950-8E08-343676BED86D}"
EndProject
Project("{FAE04EC0-301F-11D3-BF4B-00C04F79EFBC}") = "Task3", "Task3\Task3.csproj", "{BE67E9F5-FD03-432D-B5D4-73D426E8E36F}"
EndProject
Project("{FAE04EC0-301F-11D3-BF4B-00C04F79EFBC}") = "Task2", "Task2\Task2.csproj", "{120EA6ED-0B42-4ECC-9622-2EA72FCCCDF8}"
EndProject
Project("{FAE04EC0-301F-11D3-BF4B-00C04F79EFBC}") = "Task1", "Task1\Task1.csproj", "{37D11B4D-CCBF-4FBA-B98D-026D30F69B73}"
EndProject
Project("{FAE04EC0-301F-11D3-BF4B-00C04F79EFBC}") = "UnitTestProjectTask8", "UnitTestProjectTask8\UnitTestProjectTask8.csproj", "{F8FB220F-3069-4818-B5D4-4BC14995F098}"
EndProject
Project("{FAE04EC0-301F-11D3-BF4B-00C04F79EFBC}") = "UnitTestProjectTask1", "UnitTestProjectTask1\UnitTestProjectTask1.csproj", "{3180CDF9-238A-4E8D-8650-03156EA7F823}"
EndProject
Project("{FAE04EC0-301F-11D3-BF4B-00C04F79EFBC}") = "UnitTestProjectTask2", "UnitTestProjectTask2\UnitTestProjectTask2.csproj", "{CBFA8FF1-1183-4CC8-8D47-6CE663268F4C}"
EndProject
Project("{FAE04EC0-301F-11D3-BF4B-00C04F79EFBC}") = "UnitTestProjectTask4", "UnitTestProjectTask4\UnitTestProjectTask4.csproj", "{00EF0538-CAFD-44BF-8EE1-55BCD4849C01}"
EndProject
Project("{FAE04EC0-301F-11D3-BF4B-00C04F79EFBC}") = "UnitTestProjectTask5", "UnitTestProjectTask5\UnitTestProjectTask5.csproj", "{9A426311-517C-4467-AC5B-C1DB8764D90C}"
EndProject
Project("{FAE04EC0-301F-11D3-BF4B-00C04F79EFBC}") = "UnitTestProjectTask6", "UnitTestProjectTask6\UnitTestProjectTask6.csproj", "{7E54DBA1-5658-436F-B286-AB7AFC80711A}"
EndProject
Project("{FAE04EC0-301F-11D3-BF4B-00C04F79EFBC}") = "UnitTestProjectTask7", "UnitTestProjectTask7\UnitTestProjectTask7.csproj", "{75EFD733-6B80-4A9F-A3BD-6B828C2B15C7}"
EndProject
Project("{FAE04EC0-301F-11D3-BF4B-00C04F79EFBC}") = "UnitTestProjectTask3", "UnitTestProjectTask3\UnitTestProjectTask3.csproj", "{AA668A44-EAB5-438A-8165-0CEDED7ADF11}"
EndProject
Project("{FAE04EC0-301F-11D3-BF4B-00C04F79EFBC}") = "CheckUserInput", "CheckUserInput\CheckUserInput.csproj", "{9BAA2A91-99B2-410F-9951-6A3F800472D4}"
EndProject
Global
	GlobalSection(SolutionConfigurationPlatforms) = preSolution
		Debug|Any CPU = Debug|Any CPU
		Release|Any CPU = Release|Any CPU
	EndGlobalSection
	GlobalSection(ProjectConfigurationPlatforms) = postSolution
		{BBDC69CF-12B5-4C70-92FA-B8399FEDC661}.Debug|Any CPU.ActiveCfg = Debug|Any CPU
		{BBDC69CF-12B5-4C70-92FA-B8399FEDC661}.Debug|Any CPU.Build.0 = Debug|Any CPU
		{BBDC69CF-12B5-4C70-92FA-B8399FEDC661}.Release|Any CPU.ActiveCfg = Release|Any CPU
		{BBDC69CF-12B5-4C70-92FA-B8399FEDC661}.Release|Any CPU.Build.0 = Release|Any CPU
		{71253B9D-54F3-466F-B19F-24CCB81FC285}.Debug|Any CPU.ActiveCfg = Debug|Any CPU
		{71253B9D-54F3-466F-B19F-24CCB81FC285}.Debug|Any CPU.Build.0 = Debug|Any CPU
		{71253B9D-54F3-466F-B19F-24CCB81FC285}.Release|Any CPU.ActiveCfg = Release|Any CPU
		{71253B9D-54F3-466F-B19F-24CCB81FC285}.Release|Any CPU.Build.0 = Release|Any CPU
		{0D42C85E-1E7D-404B-92BA-F71B46444D90}.Debug|Any CPU.ActiveCfg = Debug|Any CPU
		{0D42C85E-1E7D-404B-92BA-F71B46444D90}.Debug|Any CPU.Build.0 = Debug|Any CPU
		{0D42C85E-1E7D-404B-92BA-F71B46444D90}.Release|Any CPU.ActiveCfg = Release|Any CPU
		{0D42C85E-1E7D-404B-92BA-F71B46444D90}.Release|Any CPU.Build.0 = Release|Any CPU
		{99D51592-0737-4476-AF5D-871C1BD93CE2}.Debug|Any CPU.ActiveCfg = Debug|Any CPU
		{99D51592-0737-4476-AF5D-871C1BD93CE2}.Debug|Any CPU.Build.0 = Debug|Any CPU
		{99D51592-0737-4476-AF5D-871C1BD93CE2}.Release|Any CPU.ActiveCfg = Release|Any CPU
		{99D51592-0737-4476-AF5D-871C1BD93CE2}.Release|Any CPU.Build.0 = Release|Any CPU
		{4578BEE4-2309-4950-8E08-343676BED86D}.Debug|Any CPU.ActiveCfg = Debug|Any CPU
		{4578BEE4-2309-4950-8E08-343676BED86D}.Debug|Any CPU.Build.0 = Debug|Any CPU
		{4578BEE4-2309-4950-8E08-343676BED86D}.Release|Any CPU.ActiveCfg = Release|Any CPU
		{4578BEE4-2309-4950-8E08-343676BED86D}.Release|Any CPU.Build.0 = Release|Any CPU
		{BE67E9F5-FD03-432D-B5D4-73D426E8E36F}.Debug|Any CPU.ActiveCfg = Debug|Any CPU
		{BE67E9F5-FD03-432D-B5D4-73D426E8E36F}.Debug|Any CPU.Build.0 = Debug|Any CPU
		{BE67E9F5-FD03-432D-B5D4-73D426E8E36F}.Release|Any CPU.ActiveCfg = Release|Any CPU
		{BE67E9F5-FD03-432D-B5D4-73D426E8E36F}.Release|Any CPU.Build.0 = Release|Any CPU
		{120EA6ED-0B42-4ECC-9622-2EA72FCCCDF8}.Debug|Any CPU.ActiveCfg = Debug|Any CPU
		{120EA6ED-0B42-4ECC-9622-2EA72FCCCDF8}.Debug|Any CPU.Build.0 = Debug|Any CPU
		{120EA6ED-0B42-4ECC-9622-2EA72FCCCDF8}.Release|Any CPU.ActiveCfg = Release|Any CPU
		{120EA6ED-0B42-4ECC-9622-2EA72FCCCDF8}.Release|Any CPU.Build.0 = Release|Any CPU
		{37D11B4D-CCBF-4FBA-B98D-026D30F69B73}.Debug|Any CPU.ActiveCfg = Debug|Any CPU
		{37D11B4D-CCBF-4FBA-B98D-026D30F69B73}.Debug|Any CPU.Build.0 = Debug|Any CPU
		{37D11B4D-CCBF-4FBA-B98D-026D30F69B73}.Release|Any CPU.ActiveCfg = Release|Any CPU
		{37D11B4D-CCBF-4FBA-B98D-026D30F69B73}.Release|Any CPU.Build.0 = Release|Any CPU
		{F8FB220F-3069-4818-B5D4-4BC14995F098}.Debug|Any CPU.ActiveCfg = Debug|Any CPU
		{F8FB220F-3069-4818-B5D4-4BC14995F098}.Debug|Any CPU.Build.0 = Debug|Any CPU
		{F8FB220F-3069-4818-B5D4-4BC14995F098}.Release|Any CPU.ActiveCfg = Release|Any CPU
		{F8FB220F-3069-4818-B5D4-4BC14995F098}.Release|Any CPU.Build.0 = Release|Any CPU
		{3180CDF9-238A-4E8D-8650-03156EA7F823}.Debug|Any CPU.ActiveCfg = Debug|Any CPU
		{3180CDF9-238A-4E8D-8650-03156EA7F823}.Debug|Any CPU.Build.0 = Debug|Any CPU
		{3180CDF9-238A-4E8D-8650-03156EA7F823}.Release|Any CPU.ActiveCfg = Release|Any CPU
		{3180CDF9-238A-4E8D-8650-03156EA7F823}.Release|Any CPU.Build.0 = Release|Any CPU
		{CBFA8FF1-1183-4CC8-8D47-6CE663268F4C}.Debug|Any CPU.ActiveCfg = Debug|Any CPU
		{CBFA8FF1-1183-4CC8-8D47-6CE663268F4C}.Debug|Any CPU.Build.0 = Debug|Any CPU
		{CBFA8FF1-1183-4CC8-8D47-6CE663268F4C}.Release|Any CPU.ActiveCfg = Release|Any CPU
		{CBFA8FF1-1183-4CC8-8D47-6CE663268F4C}.Release|Any CPU.Build.0 = Release|Any CPU
		{00EF0538-CAFD-44BF-8EE1-55BCD4849C01}.Debug|Any CPU.ActiveCfg = Debug|Any CPU
		{00EF0538-CAFD-44BF-8EE1-55BCD4849C01}.Debug|Any CPU.Build.0 = Debug|Any CPU
		{00EF0538-CAFD-44BF-8EE1-55BCD4849C01}.Release|Any CPU.ActiveCfg = Release|Any CPU
		{00EF0538-CAFD-44BF-8EE1-55BCD4849C01}.Release|Any CPU.Build.0 = Release|Any CPU
		{9A426311-517C-4467-AC5B-C1DB8764D90C}.Debug|Any CPU.ActiveCfg = Debug|Any CPU
		{9A426311-517C-4467-AC5B-C1DB8764D90C}.Debug|Any CPU.Build.0 = Debug|Any CPU
		{9A426311-517C-4467-AC5B-C1DB8764D90C}.Release|Any CPU.ActiveCfg = Release|Any CPU
		{9A426311-517C-4467-AC5B-C1DB8764D90C}.Release|Any CPU.Build.0 = Release|Any CPU
		{7E54DBA1-5658-436F-B286-AB7AFC80711A}.Debug|Any CPU.ActiveCfg = Debug|Any CPU
		{7E54DBA1-5658-436F-B286-AB7AFC80711A}.Debug|Any CPU.Build.0 = Debug|Any CPU
		{7E54DBA1-5658-436F-B286-AB7AFC80711A}.Release|Any CPU.ActiveCfg = Release|Any CPU
		{7E54DBA1-5658-436F-B286-AB7AFC80711A}.Release|Any CPU.Build.0 = Release|Any CPU
		{75EFD733-6B80-4A9F-A3BD-6B828C2B15C7}.Debug|Any CPU.ActiveCfg = Debug|Any CPU
		{75EFD733-6B80-4A9F-A3BD-6B828C2B15C7}.Debug|Any CPU.Build.0 = Debug|Any CPU
		{75EFD733-6B80-4A9F-A3BD-6B828C2B15C7}.Release|Any CPU.ActiveCfg = Release|Any CPU
		{75EFD733-6B80-4A9F-A3BD-6B828C2B15C7}.Release|Any CPU.Build.0 = Release|Any CPU
		{AA668A44-EAB5-438A-8165-0CEDED7ADF11}.Debug|Any CPU.ActiveCfg = Debug|Any CPU
		{AA668A44-EAB5-438A-8165-0CEDED7ADF11}.Debug|Any CPU.Build.0 = Debug|Any CPU
		{AA668A44-EAB5-438A-8165-0CEDED7ADF11}.Release|Any CPU.ActiveCfg = Release|Any CPU
		{AA668A44-EAB5-438A-8165-0CEDED7ADF11}.Release|Any CPU.Build.0 = Release|Any CPU
		{9BAA2A91-99B2-410F-9951-6A3F800472D4}.Debug|Any CPU.ActiveCfg = Debug|Any CPU
		{9BAA2A91-99B2-410F-9951-6A3F800472D4}.Debug|Any CPU.Build.0 = Debug|Any CPU
		{9BAA2A91-99B2-410F-9951-6A3F800472D4}.Release|Any CPU.ActiveCfg = Release|Any CPU
		{9BAA2A91-99B2-410F-9951-6A3F800472D4}.Release|Any CPU.Build.0 = Release|Any CPU
	EndGlobalSection
	GlobalSection(SolutionProperties) = preSolution
		HideSolutionNode = FALSE
	EndGlobalSection
EndGlobal
